version: 2.0
shards:
  ameba:
    git: https://github.com/crystal-ameba/ameba.git
    version: 0.13.2

  http_proxy:
    git: https://github.com/mamantoha/http_proxy.git
    version: 0.7.1+git.commit.c2869618ba2a620c8d9aefd237a7a580f4c1c664

  pool:
    git: https://github.com/watzon/pool.git
    version: 0.3.0

  tourmaline:
    git: https://github.com/protoncr/tourmaline.git
    version: 0.20.0+git.commit.13a2b17ce383ebf97f085014026ba94c7aa276a5

