version: 2.0
shards:
  ameba:
    git: https://github.com/crystal-ameba/ameba.git
    version: 0.13.4

  async:
    git: https://github.com/protoncr/async.git
    version: 0.2.0+git.commit.c74d4b3198a7da3b4d7b9feddc382a20d6a5f72d

  http_proxy:
    git: https://github.com/mamantoha/http_proxy.git
    version: 0.8.0+git.commit.affc16af1c21350daf5da865dd212b1ee7b2e9c2

  pool:
    git: https://github.com/watzon/pool.git
    version: 0.3.0

  tourmaline:
    git: https://github.com/protoncr/tourmaline.git
    version: 0.21.0+git.commit.0f575f0cf51b7bd57de60a03faaa986f1e42197d

